
Microsoft Visual Studio Solution File, Format Version 11.00
# Visual Studio 2010
Project("{FAE04EC0-301F-11D3-BF4B-00C04F79EFBC}") = "KernelEP", "KernelEP.NET\KernelEP.csproj", "{6FF6A78E-D89A-49C9-8F30-DFBE311052E6}"
EndProject
Global
	GlobalSection(SolutionConfigurationPlatforms) = preSolution
		Debug|x86 = Debug|x86
		Release|x86 = Release|x86
	EndGlobalSection
	GlobalSection(ProjectConfigurationPlatforms) = postSolution
		{6FF6A78E-D89A-49C9-8F30-DFBE311052E6}.Debug|x86.ActiveCfg = Debug|x86
		{6FF6A78E-D89A-49C9-8F30-DFBE311052E6}.Debug|x86.Build.0 = Debug|x86
		{6FF6A78E-D89A-49C9-8F30-DFBE311052E6}.Release|x86.ActiveCfg = Release|x86
		{6FF6A78E-D89A-49C9-8F30-DFBE311052E6}.Release|x86.Build.0 = Release|x86
	EndGlobalSection
	GlobalSection(MonoDevelopProperties) = preSolution
		StartupItem = KernelEP.NET\KernelEP.csproj
		Policies = $0
		$0.DotNetNamingPolicy = $1
		$1.DirectoryNamespaceAssociation = None
		$1.ResourceNamePolicy = FileFormatDefault
		$0.TextStylePolicy = $2
		$2.TabWidth = 1
		$2.IndentWidth = 1
		$2.inheritsSet = Mono
		$2.inheritsScope = text/plain
		$2.scope = text/x-csharp
		$0.CSharpFormattingPolicy = $3
		$3.NamespaceBraceStyle = EndOfLineWithoutSpace
		$3.ClassBraceStyle = EndOfLineWithoutSpace
		$3.InterfaceBraceStyle = EndOfLineWithoutSpace
		$3.StructBraceStyle = EndOfLineWithoutSpace
		$3.EnumBraceStyle = EndOfLineWithoutSpace
		$3.MethodBraceStyle = EndOfLineWithoutSpace
		$3.AnonymousMethodBraceStyle = EndOfLineWithoutSpace
		$3.ConstructorBraceStyle = EndOfLineWithoutSpace
		$3.DestructorBraceStyle = EndOfLineWithoutSpace
		$3.PropertyBraceStyle = EndOfLineWithoutSpace
		$3.PropertyGetBraceStyle = EndOfLineWithoutSpace
		$3.PropertySetBraceStyle = EndOfLineWithoutSpace
		$3.EventBraceStyle = EndOfLineWithoutSpace
		$3.EventAddBraceStyle = EndOfLineWithoutSpace
		$3.EventRemoveBraceStyle = EndOfLineWithoutSpace
		$3.StatementBraceStyle = EndOfLineWithoutSpace
		$3.BeforeMethodDeclarationParentheses = False
		$3.BeforeMethodCallParentheses = False
		$3.BeforeConstructorDeclarationParentheses = False
		$3.BeforeIndexerDeclarationBracket = False
		$3.BeforeDelegateDeclarationParentheses = False
		$3.NewParentheses = False
		$3.IfParentheses = False
		$3.WhileParentheses = False
		$3.ForParentheses = False
		$3.ForeachParentheses = False
		$3.CatchParentheses = False
		$3.SwitchParentheses = False
		$3.LockParentheses = False
		$3.UsingParentheses = False
		$3.AfterNewParameterComma = False
		$3.SpacesBeforeBrackets = False
		$3.inheritsSet = Mono
		$3.inheritsScope = text/x-csharp
		$3.scope = text/x-csharp
		$0.TextStylePolicy = $4
		$4.FileWidth = 120
		$4.TabsToSpaces = False
		$4.inheritsSet = VisualStudio
		$4.inheritsScope = text/plain
		$4.scope = text/plain
	EndGlobalSection
EndGlobal
