
Microsoft Visual Studio Solution File, Format Version 12.00
# Visual Studio 2013
Project("{FAE04EC0-301F-11D3-BF4B-00C04F79EFBC}") = "ClickThroughModel", ".\ClickThroughModel\ClickThroughModel.csproj", "{33D86EA2-2161-4EF0-8F17-59602296273C}"
EndProject
Project("{FAE04EC0-301F-11D3-BF4B-00C04F79EFBC}") = "ClinicalTrial", ".\ClinicalTrial\ClinicalTrial.csproj", "{B517BBF2-60E6-4C69-885A-AE5C014D877B}"
EndProject
Project("{FAE04EC0-301F-11D3-BF4B-00C04F79EFBC}") = "Image_Classifier", ".\ImageClassifier\Image_Classifier.csproj", "{87D09BD4-119E-49C1-B0B4-86DF962A00EE}"
EndProject
Project("{FAE04EC0-301F-11D3-BF4B-00C04F79EFBC}") = "InferNET101", ".\InferNET101\InferNET101.csproj", "{52D174E7-2407-4FC1-9DDA-4D9D14F18618}"
EndProject
Project("{FAE04EC0-301F-11D3-BF4B-00C04F79EFBC}") = "LDA", ".\LDA\LDA.csproj", "{6FF3E672-378C-4D61-B4CA-A5A5E01C2563}"
EndProject
Project("{FAE04EC0-301F-11D3-BF4B-00C04F79EFBC}") = "MontyHall", ".\MontyHall\MontyHall.csproj", "{6139CF19-0190-4ED5-AEE3-D3CE7458E517}"
EndProject
Project("{FAE04EC0-301F-11D3-BF4B-00C04F79EFBC}") = "MotifFinder", ".\MotifFinder\MotifFinder.csproj", "{D2A7B5F5-8D33-45AC-9776-07C23F5859BB}"
EndProject
Project("{FAE04EC0-301F-11D3-BF4B-00C04F79EFBC}") = "Tutorials", ".\ExamplesBrowser\Tutorials.csproj", "{04787AC6-CAC0-4D77-8C4A-2EA66C3CBE3C}"
EndProject
Project("{2150E333-8FDC-42A3-9474-1A3956D46DE8}") = "ClickThroughModel", "ClickThroughModel", "{E67DD695-A6F8-4458-A863-91513055CB5C}"
EndProject
Project("{2150E333-8FDC-42A3-9474-1A3956D46DE8}") = "ClinicalTrial", "ClinicalTrial", "{2E452B49-7616-4C01-9A5C-8A007D7E5901}"
EndProject
Project("{2150E333-8FDC-42A3-9474-1A3956D46DE8}") = "Image_Classifier", "Image_Classifier", "{836D1D8C-02DA-4D9A-9FBB-1D5DD2CAC454}"
EndProject
Project("{2150E333-8FDC-42A3-9474-1A3956D46DE8}") = "InferNET101", "InferNET101", "{F1032243-AD3E-4A8B-8327-5520B1C4264D}"
EndProject
Project("{2150E333-8FDC-42A3-9474-1A3956D46DE8}") = "LDA", "LDA", "{343639C3-BB37-4F99-BE34-07B6AC39A199}"
EndProject
Project("{2150E333-8FDC-42A3-9474-1A3956D46DE8}") = "MontyHall", "MontyHall", "{71054FCD-9C8C-492D-AC43-284858B02925}"
EndProject
Project("{2150E333-8FDC-42A3-9474-1A3956D46DE8}") = "MotifFinder", "MotifFinder", "{B1FF8E60-D271-46B3-BB44-41B22E670505}"
EndProject
Project("{2150E333-8FDC-42A3-9474-1A3956D46DE8}") = "Tutorials", "Tutorials", "{9F834903-5543-4B69-98F5-AC07C30F176B}"
EndProject
Global
	GlobalSection(NestedProjects) = preSolution
		{33D86EA2-2161-4EF0-8F17-59602296273C} = {E67DD695-A6F8-4458-A863-91513055CB5C}
		{B517BBF2-60E6-4C69-885A-AE5C014D877B} = {2E452B49-7616-4C01-9A5C-8A007D7E5901}
		{87D09BD4-119E-49C1-B0B4-86DF962A00EE} = {836D1D8C-02DA-4D9A-9FBB-1D5DD2CAC454}
		{52D174E7-2407-4FC1-9DDA-4D9D14F18618} = {F1032243-AD3E-4A8B-8327-5520B1C4264D}
		{6FF3E672-378C-4D61-B4CA-A5A5E01C2563} = {343639C3-BB37-4F99-BE34-07B6AC39A199}
		{6139CF19-0190-4ED5-AEE3-D3CE7458E517} = {71054FCD-9C8C-492D-AC43-284858B02925}
		{D2A7B5F5-8D33-45AC-9776-07C23F5859BB} = {B1FF8E60-D271-46B3-BB44-41B22E670505}
		{04787AC6-CAC0-4D77-8C4A-2EA66C3CBE3C} = {9F834903-5543-4B69-98F5-AC07C30F176B}
	EndGlobalSection
EndGlobal
