
Microsoft Visual Studio Solution File, Format Version 12.00
# Visual Studio 2013
Project("{FAE04EC0-301F-11D3-BF4B-00C04F79EFBC}") = "Classifier", ".\Classifier\Classifier.csproj", "{07E9E91D-6593-4FF9-A266-270ED5241C98}"
EndProject
Project("{FAE04EC0-301F-11D3-BF4B-00C04F79EFBC}") = "ClassifierModels", ".\ClassifierModels\ClassifierModels.csproj", "{3207C90B-DB71-4293-8974-0795863C076B}"
EndProject
Project("{FAE04EC0-301F-11D3-BF4B-00C04F79EFBC}") = "CommandLine", ".\Runners\CommandLine\CommandLine.csproj", "{10FD3E08-53E8-42B2-8E4F-A5C23DEE3B96}"
EndProject
Project("{FAE04EC0-301F-11D3-BF4B-00C04F79EFBC}") = "Common", ".\Runners\Common\Common.csproj", "{25D28099-E338-4543-B1DE-261439654CA6}"
EndProject
Project("{FAE04EC0-301F-11D3-BF4B-00C04F79EFBC}") = "Core", ".\Core\Core.csproj", "{29A1A83E-51DC-4409-B29B-CDE7D65A1EF8}"
EndProject
Project("{FAE04EC0-301F-11D3-BF4B-00C04F79EFBC}") = "Recommender", ".\Recommender\Recommender.csproj", "{5AB7D09F-5F98-465E-AB9D-07014F1DBC3F}"
EndProject
Project("{FAE04EC0-301F-11D3-BF4B-00C04F79EFBC}") = "RecommenderModels", ".\RecommenderModels\RecommenderModels.csproj", "{8D4D5502-4321-46A5-975B-C20BD745FC06}"
EndProject
Project("{2150E333-8FDC-42A3-9474-1A3956D46DE8}") = "Classifier", "Classifier", "{37A0477E-09CE-4C11-8B18-0BFCC9C99038}"
EndProject
Project("{2150E333-8FDC-42A3-9474-1A3956D46DE8}") = "ClassifierModels", "ClassifierModels", "{EF912B66-B755-4173-B856-F541256E5D6E}"
EndProject
Project("{2150E333-8FDC-42A3-9474-1A3956D46DE8}") = "CommandLine", "CommandLine", "{CE21FC71-86F7-43FD-90B6-189164BA5443}"
EndProject
Project("{2150E333-8FDC-42A3-9474-1A3956D46DE8}") = "Common", "Common", "{9157CCCE-5F46-4539-8A8A-DB40B24D9527}"
EndProject
Project("{2150E333-8FDC-42A3-9474-1A3956D46DE8}") = "Core", "Core", "{8D0E1CBC-B04E-497C-B492-F07841A38046}"
EndProject
Project("{2150E333-8FDC-42A3-9474-1A3956D46DE8}") = "Recommender", "Recommender", "{BE5BD161-0D2E-4E05-B0EE-83B1F854B42C}"
EndProject
Project("{2150E333-8FDC-42A3-9474-1A3956D46DE8}") = "RecommenderModels", "RecommenderModels", "{1C351B76-4B53-4A3E-A2AF-3C53A5BB7E29}"
EndProject
Global
	GlobalSection(NestedProjects) = preSolution
		{07E9E91D-6593-4FF9-A266-270ED5241C98} = {37A0477E-09CE-4C11-8B18-0BFCC9C99038}
		{3207C90B-DB71-4293-8974-0795863C076B} = {EF912B66-B755-4173-B856-F541256E5D6E}
		{10FD3E08-53E8-42B2-8E4F-A5C23DEE3B96} = {CE21FC71-86F7-43FD-90B6-189164BA5443}
		{25D28099-E338-4543-B1DE-261439654CA6} = {9157CCCE-5F46-4539-8A8A-DB40B24D9527}
		{29A1A83E-51DC-4409-B29B-CDE7D65A1EF8} = {8D0E1CBC-B04E-497C-B492-F07841A38046}
		{5AB7D09F-5F98-465E-AB9D-07014F1DBC3F} = {BE5BD161-0D2E-4E05-B0EE-83B1F854B42C}
		{8D4D5502-4321-46A5-975B-C20BD745FC06} = {1C351B76-4B53-4A3E-A2AF-3C53A5BB7E29}
	EndGlobalSection
EndGlobal
