
Microsoft Visual Studio Solution File, Format Version 12.00
# Visual Studio 2013
Project("{F2A71F9B-5D33-465A-A702-920D77279786}") = "TestFSharp", ".\TestFSharp\TestFSharp.fsproj", "{945BA80B-A7F7-450B-AE93-9FA2F7617442}"
EndProject
Project("{2150E333-8FDC-42A3-9474-1A3956D46DE8}") = "TestFSharp", "TestFSharp", "{861DE2C8-0484-4BBA-91B6-2F399638AB65}"
EndProject
Global
	GlobalSection(NestedProjects) = preSolution
		{945BA80B-A7F7-450B-AE93-9FA2F7617442} = {861DE2C8-0484-4BBA-91B6-2F399638AB65}
	EndGlobalSection
EndGlobal
